
Microsoft Visual Studio Solution File, Format Version 12.00
# Visual Studio Version 17
VisualStudioVersion = 17.10.35013.160
MinimumVisualStudioVersion = 10.0.40219.1
Project("{FAE04EC0-301F-11D3-BF4B-00C04F79EFBC}") = "Ticketing.API", "Ticketing.API\Ticketing.API.csproj", "{E0F0B11E-C4C3-4383-B442-752AB14C3E69}"
EndProject
Global
	GlobalSection(SolutionConfigurationPlatforms) = preSolution
		Debug|Any CPU = Debug|Any CPU
		Release|Any CPU = Release|Any CPU
	EndGlobalSection
	GlobalSection(ProjectConfigurationPlatforms) = postSolution
		{E0F0B11E-C4C3-4383-B442-752AB14C3E69}.Debug|Any CPU.ActiveCfg = Debug|Any CPU
		{E0F0B11E-C4C3-4383-B442-752AB14C3E69}.Debug|Any CPU.Build.0 = Debug|Any CPU
		{E0F0B11E-C4C3-4383-B442-752AB14C3E69}.Release|Any CPU.ActiveCfg = Release|Any CPU
		{E0F0B11E-C4C3-4383-B442-752AB14C3E69}.Release|Any CPU.Build.0 = Release|Any CPU
	EndGlobalSection
	GlobalSection(SolutionProperties) = preSolution
		HideSolutionNode = FALSE
	EndGlobalSection
	GlobalSection(ExtensibilityGlobals) = postSolution
		SolutionGuid = {E509F833-E1DD-4E21-8739-8F37B53C2E09}
	EndGlobalSection
EndGlobal
